
Microsoft Visual Studio Solution File, Format Version 12.00
# Visual Studio Version 17
VisualStudioVersion = 17.7.34031.279
MinimumVisualStudioVersion = 10.0.40219.1
Project("{8BC9CEB8-8B4A-11D0-8D11-00A0C91BC942}") = "пр6.3іт", "пр6.3іт\пр6.3іт.vcxproj", "{2B1E04B4-39F3-4447-8B70-7458BF3CB76A}"
EndProject
Project("{8BC9CEB8-8B4A-11D0-8D11-00A0C91BC942}") = "UnitTest6.3іт", "UnitTest6.3іт\UnitTest6.3іт.vcxproj", "{B159A54B-103C-4AC0-B406-3992510FBEC9}"
EndProject
Global
	GlobalSection(SolutionConfigurationPlatforms) = preSolution
		Debug|x64 = Debug|x64
		Debug|x86 = Debug|x86
		Release|x64 = Release|x64
		Release|x86 = Release|x86
	EndGlobalSection
	GlobalSection(ProjectConfigurationPlatforms) = postSolution
		{2B1E04B4-39F3-4447-8B70-7458BF3CB76A}.Debug|x64.ActiveCfg = Debug|x64
		{2B1E04B4-39F3-4447-8B70-7458BF3CB76A}.Debug|x64.Build.0 = Debug|x64
		{2B1E04B4-39F3-4447-8B70-7458BF3CB76A}.Debug|x86.ActiveCfg = Debug|Win32
		{2B1E04B4-39F3-4447-8B70-7458BF3CB76A}.Debug|x86.Build.0 = Debug|Win32
		{2B1E04B4-39F3-4447-8B70-7458BF3CB76A}.Release|x64.ActiveCfg = Release|x64
		{2B1E04B4-39F3-4447-8B70-7458BF3CB76A}.Release|x64.Build.0 = Release|x64
		{2B1E04B4-39F3-4447-8B70-7458BF3CB76A}.Release|x86.ActiveCfg = Release|Win32
		{2B1E04B4-39F3-4447-8B70-7458BF3CB76A}.Release|x86.Build.0 = Release|Win32
		{B159A54B-103C-4AC0-B406-3992510FBEC9}.Debug|x64.ActiveCfg = Debug|x64
		{B159A54B-103C-4AC0-B406-3992510FBEC9}.Debug|x64.Build.0 = Debug|x64
		{B159A54B-103C-4AC0-B406-3992510FBEC9}.Debug|x86.ActiveCfg = Debug|Win32
		{B159A54B-103C-4AC0-B406-3992510FBEC9}.Debug|x86.Build.0 = Debug|Win32
		{B159A54B-103C-4AC0-B406-3992510FBEC9}.Release|x64.ActiveCfg = Release|x64
		{B159A54B-103C-4AC0-B406-3992510FBEC9}.Release|x64.Build.0 = Release|x64
		{B159A54B-103C-4AC0-B406-3992510FBEC9}.Release|x86.ActiveCfg = Release|Win32
		{B159A54B-103C-4AC0-B406-3992510FBEC9}.Release|x86.Build.0 = Release|Win32
	EndGlobalSection
	GlobalSection(SolutionProperties) = preSolution
		HideSolutionNode = FALSE
	EndGlobalSection
	GlobalSection(ExtensibilityGlobals) = postSolution
		SolutionGuid = {51B9B6BD-9F45-43F6-94C4-B162CE9A2D7E}
	EndGlobalSection
EndGlobal
